// !$*UTF8*$!
{
	archiveVersion = 1;
	classes = {
	};
	objectVersion = 50;
	objects = {

/* Begin PBXBuildFile section */
		4E3B40CD24A5490E00BAE06C /* AppDelegate.swift in Sources */ = {isa = PBXBuildFile; fileRef = 4E3B40CC24A5490E00BAE06C /* AppDelegate.swift */; };
		4E3B40CF24A5490E00BAE06C /* SceneDelegate.swift in Sources */ = {isa = PBXBuildFile; fileRef = 4E3B40CE24A5490E00BAE06C /* SceneDelegate.swift */; };
		4E3B40D124A5490E00BAE06C /* ProductViewController.swift in Sources */ = {isa = PBXBuildFile; fileRef = 4E3B40D024A5490E00BAE06C /* ProductViewController.swift */; };
		4E3B40D424A5490E00BAE06C /* Main.storyboard in Resources */ = {isa = PBXBuildFile; fileRef = 4E3B40D224A5490E00BAE06C /* Main.storyboard */; };
		4E3B40D624A5491200BAE06C /* Assets.xcassets in Resources */ = {isa = PBXBuildFile; fileRef = 4E3B40D524A5491200BAE06C /* Assets.xcassets */; };
		4E3B40D924A5491200BAE06C /* LaunchScreen.storyboard in Resources */ = {isa = PBXBuildFile; fileRef = 4E3B40D724A5491200BAE06C /* LaunchScreen.storyboard */; };
		4E3B40E424A5491200BAE06C /* ProductTests.swift in Sources */ = {isa = PBXBuildFile; fileRef = 4E3B40E324A5491200BAE06C /* ProductTests.swift */; };
		4E3B411F24A56A8800BAE06C /* Product.swift in Sources */ = {isa = PBXBuildFile; fileRef = 4E3B411E24A56A8800BAE06C /* Product.swift */; };
		4E742B4024A78A4200E8210B /* Protocols.swift in Sources */ = {isa = PBXBuildFile; fileRef = 4E742B3F24A78A4200E8210B /* Protocols.swift */; };
		4E742B4624A8892A00E8210B /* DiscountTests.swift in Sources */ = {isa = PBXBuildFile; fileRef = 4E742B4524A8892A00E8210B /* DiscountTests.swift */; };
		4E742B4824A88A4D00E8210B /* Discount.swift in Sources */ = {isa = PBXBuildFile; fileRef = 4E742B4724A88A4D00E8210B /* Discount.swift */; };
		4E742B4A24A898CE00E8210B /* TaxTests.swift in Sources */ = {isa = PBXBuildFile; fileRef = 4E742B4924A898CE00E8210B /* TaxTests.swift */; };
		4E742B4C24A899E600E8210B /* Tax.swift in Sources */ = {isa = PBXBuildFile; fileRef = 4E742B4B24A899E600E8210B /* Tax.swift */; };
		4E742B4E24A8B73800E8210B /* State.swift in Sources */ = {isa = PBXBuildFile; fileRef = 4E742B4D24A8B73800E8210B /* State.swift */; };
		4E742B5024A8B75D00E8210B /* StateTests.swift in Sources */ = {isa = PBXBuildFile; fileRef = 4E742B4F24A8B75D00E8210B /* StateTests.swift */; };
		4E742B5224A8C27100E8210B /* CartPresenter.swift in Sources */ = {isa = PBXBuildFile; fileRef = 4E742B5124A8C27100E8210B /* CartPresenter.swift */; };
		4E742B5524A8C58300E8210B /* PriceTests.swift in Sources */ = {isa = PBXBuildFile; fileRef = 4E742B5424A8C58300E8210B /* PriceTests.swift */; };
		4E742B5724A8D2CB00E8210B /* Price.swift in Sources */ = {isa = PBXBuildFile; fileRef = 4E742B5624A8D2CB00E8210B /* Price.swift */; };
		4E742B5924A8EEFB00E8210B /* CartPresenterTests.swift in Sources */ = {isa = PBXBuildFile; fileRef = 4E742B5824A8EEFB00E8210B /* CartPresenterTests.swift */; };
		4E742B5B24A8F5A700E8210B /* CartViewMock.swift in Sources */ = {isa = PBXBuildFile; fileRef = 4E742B5A24A8F5A700E8210B /* CartViewMock.swift */; };
		4E742B5D24A8FEC600E8210B /* UIViewController-Alert.swift in Sources */ = {isa = PBXBuildFile; fileRef = 4E742B5C24A8FEC600E8210B /* UIViewController-Alert.swift */; };
/* End PBXBuildFile section */

/* Begin PBXContainerItemProxy section */
		4E3B40E024A5491200BAE06C /* PBXContainerItemProxy */ = {
			isa = PBXContainerItemProxy;
			containerPortal = 4E3B40C124A5490E00BAE06C /* Project object */;
			proxyType = 1;
			remoteGlobalIDString = 4E3B40C824A5490E00BAE06C;
			remoteInfo = OnlineShop;
		};
/* End PBXContainerItemProxy section */

/* Begin PBXFileReference section */
		4E3B40C924A5490E00BAE06C /* OnlineShop.app */ = {isa = PBXFileReference; explicitFileType = wrapper.application; includeInIndex = 0; path = OnlineShop.app; sourceTree = BUILT_PRODUCTS_DIR; };
		4E3B40CC24A5490E00BAE06C /* AppDelegate.swift */ = {isa = PBXFileReference; lastKnownFileType = sourcecode.swift; path = AppDelegate.swift; sourceTree = "<group>"; };
		4E3B40CE24A5490E00BAE06C /* SceneDelegate.swift */ = {isa = PBXFileReference; lastKnownFileType = sourcecode.swift; path = SceneDelegate.swift; sourceTree = "<group>"; };
		4E3B40D024A5490E00BAE06C /* ProductViewController.swift */ = {isa = PBXFileReference; lastKnownFileType = sourcecode.swift; path = ProductViewController.swift; sourceTree = "<group>"; };
		4E3B40D324A5490E00BAE06C /* Base */ = {isa = PBXFileReference; lastKnownFileType = file.storyboard; name = Base; path = Base.lproj/Main.storyboard; sourceTree = "<group>"; };
		4E3B40D524A5491200BAE06C /* Assets.xcassets */ = {isa = PBXFileReference; lastKnownFileType = folder.assetcatalog; path = Assets.xcassets; sourceTree = "<group>"; };
		4E3B40D824A5491200BAE06C /* Base */ = {isa = PBXFileReference; lastKnownFileType = file.storyboard; name = Base; path = Base.lproj/LaunchScreen.storyboard; sourceTree = "<group>"; };
		4E3B40DA24A5491200BAE06C /* Info.plist */ = {isa = PBXFileReference; lastKnownFileType = text.plist.xml; path = Info.plist; sourceTree = "<group>"; };
		4E3B40DF24A5491200BAE06C /* OnlineShopTests.xctest */ = {isa = PBXFileReference; explicitFileType = wrapper.cfbundle; includeInIndex = 0; path = OnlineShopTests.xctest; sourceTree = BUILT_PRODUCTS_DIR; };
		4E3B40E324A5491200BAE06C /* ProductTests.swift */ = {isa = PBXFileReference; lastKnownFileType = sourcecode.swift; path = ProductTests.swift; sourceTree = "<group>"; };
		4E3B40E524A5491200BAE06C /* Info.plist */ = {isa = PBXFileReference; lastKnownFileType = text.plist.xml; path = Info.plist; sourceTree = "<group>"; };
		4E3B411E24A56A8800BAE06C /* Product.swift */ = {isa = PBXFileReference; lastKnownFileType = sourcecode.swift; path = Product.swift; sourceTree = "<group>"; };
		4E742B3F24A78A4200E8210B /* Protocols.swift */ = {isa = PBXFileReference; lastKnownFileType = sourcecode.swift; path = Protocols.swift; sourceTree = "<group>"; };
		4E742B4524A8892A00E8210B /* DiscountTests.swift */ = {isa = PBXFileReference; lastKnownFileType = sourcecode.swift; path = DiscountTests.swift; sourceTree = "<group>"; };
		4E742B4724A88A4D00E8210B /* Discount.swift */ = {isa = PBXFileReference; lastKnownFileType = sourcecode.swift; path = Discount.swift; sourceTree = "<group>"; };
		4E742B4924A898CE00E8210B /* TaxTests.swift */ = {isa = PBXFileReference; lastKnownFileType = sourcecode.swift; path = TaxTests.swift; sourceTree = "<group>"; };
		4E742B4B24A899E600E8210B /* Tax.swift */ = {isa = PBXFileReference; lastKnownFileType = sourcecode.swift; path = Tax.swift; sourceTree = "<group>"; };
		4E742B4D24A8B73800E8210B /* State.swift */ = {isa = PBXFileReference; lastKnownFileType = sourcecode.swift; path = State.swift; sourceTree = "<group>"; };
		4E742B4F24A8B75D00E8210B /* StateTests.swift */ = {isa = PBXFileReference; lastKnownFileType = sourcecode.swift; path = StateTests.swift; sourceTree = "<group>"; };
		4E742B5124A8C27100E8210B /* CartPresenter.swift */ = {isa = PBXFileReference; fileEncoding = 4; lastKnownFileType = sourcecode.swift; path = CartPresenter.swift; sourceTree = "<group>"; };
		4E742B5424A8C58300E8210B /* PriceTests.swift */ = {isa = PBXFileReference; lastKnownFileType = sourcecode.swift; path = PriceTests.swift; sourceTree = "<group>"; };
		4E742B5624A8D2CB00E8210B /* Price.swift */ = {isa = PBXFileReference; lastKnownFileType = sourcecode.swift; path = Price.swift; sourceTree = "<group>"; };
		4E742B5824A8EEFB00E8210B /* CartPresenterTests.swift */ = {isa = PBXFileReference; lastKnownFileType = sourcecode.swift; path = CartPresenterTests.swift; sourceTree = "<group>"; };
		4E742B5A24A8F5A700E8210B /* CartViewMock.swift */ = {isa = PBXFileReference; lastKnownFileType = sourcecode.swift; path = CartViewMock.swift; sourceTree = "<group>"; };
		4E742B5C24A8FEC600E8210B /* UIViewController-Alert.swift */ = {isa = PBXFileReference; lastKnownFileType = sourcecode.swift; path = "UIViewController-Alert.swift"; sourceTree = "<group>"; };
/* End PBXFileReference section */

/* Begin PBXFrameworksBuildPhase section */
		4E3B40C624A5490E00BAE06C /* Frameworks */ = {
			isa = PBXFrameworksBuildPhase;
			buildActionMask = 2147483647;
			files = (
			);
			runOnlyForDeploymentPostprocessing = 0;
		};
		4E3B40DC24A5491200BAE06C /* Frameworks */ = {
			isa = PBXFrameworksBuildPhase;
			buildActionMask = 2147483647;
			files = (
			);
			runOnlyForDeploymentPostprocessing = 0;
		};
/* End PBXFrameworksBuildPhase section */

/* Begin PBXGroup section */
		4E06D93E24A6C5B500073124 /* Models */ = {
			isa = PBXGroup;
			children = (
				4E3B411E24A56A8800BAE06C /* Product.swift */,
				4E742B4B24A899E600E8210B /* Tax.swift */,
				4E742B4D24A8B73800E8210B /* State.swift */,
				4E742B5624A8D2CB00E8210B /* Price.swift */,
				4E742B4724A88A4D00E8210B /* Discount.swift */,
			);
			path = Models;
			sourceTree = "<group>";
		};
		4E06D93F24A6C5BF00073124 /* View */ = {
			isa = PBXGroup;
			children = (
				4E3B40D024A5490E00BAE06C /* ProductViewController.swift */,
			);
			path = View;
			sourceTree = "<group>";
		};
		4E3B40C024A5490E00BAE06C = {
			isa = PBXGroup;
			children = (
				4E3B40CB24A5490E00BAE06C /* OnlineShop */,
				4E3B40E224A5491200BAE06C /* OnlineShopTests */,
				4E3B40CA24A5490E00BAE06C /* Products */,
			);
			sourceTree = "<group>";
		};
		4E3B40CA24A5490E00BAE06C /* Products */ = {
			isa = PBXGroup;
			children = (
				4E3B40C924A5490E00BAE06C /* OnlineShop.app */,
				4E3B40DF24A5491200BAE06C /* OnlineShopTests.xctest */,
			);
			name = Products;
			sourceTree = "<group>";
		};
		4E3B40CB24A5490E00BAE06C /* OnlineShop */ = {
			isa = PBXGroup;
			children = (
				4E3B40CC24A5490E00BAE06C /* AppDelegate.swift */,
				4E3B40CE24A5490E00BAE06C /* SceneDelegate.swift */,
				4E742B5E24A8FECF00E8210B /* Extension */,
				4E06D93E24A6C5B500073124 /* Models */,
				4E06D93F24A6C5BF00073124 /* View */,
				4E742B4124A7925500E8210B /* Presenter */,
				4E742B4224A7927900E8210B /* Protocol */,
				4E742B5324A8C39E00E8210B /* StoryBoard */,
				4E3B40D524A5491200BAE06C /* Assets.xcassets */,
				4E3B40D724A5491200BAE06C /* LaunchScreen.storyboard */,
				4E3B40DA24A5491200BAE06C /* Info.plist */,
			);
			path = OnlineShop;
			sourceTree = "<group>";
		};
		4E3B40E224A5491200BAE06C /* OnlineShopTests */ = {
			isa = PBXGroup;
			children = (
				4E742B3624A74F5B00E8210B /* Models */,
				4E742B4324A792A700E8210B /* Presenter */,
				4E742B4424A792F200E8210B /* Mock */,
				4E3B40E524A5491200BAE06C /* Info.plist */,
			);
			path = OnlineShopTests;
			sourceTree = "<group>";
		};
		4E742B3624A74F5B00E8210B /* Models */ = {
			isa = PBXGroup;
			children = (
				4E3B40E324A5491200BAE06C /* ProductTests.swift */,
				4E742B4924A898CE00E8210B /* TaxTests.swift */,
				4E742B4F24A8B75D00E8210B /* StateTests.swift */,
				4E742B5424A8C58300E8210B /* PriceTests.swift */,
				4E742B4524A8892A00E8210B /* DiscountTests.swift */,
			);
			path = Models;
			sourceTree = "<group>";
		};
		4E742B4124A7925500E8210B /* Presenter */ = {
			isa = PBXGroup;
			children = (
				4E742B5124A8C27100E8210B /* CartPresenter.swift */,
			);
			path = Presenter;
			sourceTree = "<group>";
		};
		4E742B4224A7927900E8210B /* Protocol */ = {
			isa = PBXGroup;
			children = (
				4E742B3F24A78A4200E8210B /* Protocols.swift */,
			);
			path = Protocol;
			sourceTree = "<group>";
		};
		4E742B4324A792A700E8210B /* Presenter */ = {
			isa = PBXGroup;
			children = (
				4E742B5824A8EEFB00E8210B /* CartPresenterTests.swift */,
			);
			path = Presenter;
			sourceTree = "<group>";
		};
		4E742B4424A792F200E8210B /* Mock */ = {
			isa = PBXGroup;
			children = (
				4E742B5A24A8F5A700E8210B /* CartViewMock.swift */,
			);
			path = Mock;
			sourceTree = "<group>";
		};
		4E742B5324A8C39E00E8210B /* StoryBoard */ = {
			isa = PBXGroup;
			children = (
				4E3B40D224A5490E00BAE06C /* Main.storyboard */,
			);
			path = StoryBoard;
			sourceTree = "<group>";
		};
		4E742B5E24A8FECF00E8210B /* Extension */ = {
			isa = PBXGroup;
			children = (
				4E742B5C24A8FEC600E8210B /* UIViewController-Alert.swift */,
			);
			path = Extension;
			sourceTree = "<group>";
		};
/* End PBXGroup section */

/* Begin PBXNativeTarget section */
		4E3B40C824A5490E00BAE06C /* OnlineShop */ = {
			isa = PBXNativeTarget;
			buildConfigurationList = 4E3B40E824A5491200BAE06C /* Build configuration list for PBXNativeTarget "OnlineShop" */;
			buildPhases = (
				4E3B40C524A5490E00BAE06C /* Sources */,
				4E3B40C624A5490E00BAE06C /* Frameworks */,
				4E3B40C724A5490E00BAE06C /* Resources */,
			);
			buildRules = (
			);
			dependencies = (
			);
			name = OnlineShop;
			productName = OnlineShop;
			productReference = 4E3B40C924A5490E00BAE06C /* OnlineShop.app */;
			productType = "com.apple.product-type.application";
		};
		4E3B40DE24A5491200BAE06C /* OnlineShopTests */ = {
			isa = PBXNativeTarget;
			buildConfigurationList = 4E3B40EB24A5491200BAE06C /* Build configuration list for PBXNativeTarget "OnlineShopTests" */;
			buildPhases = (
				4E3B40DB24A5491200BAE06C /* Sources */,
				4E3B40DC24A5491200BAE06C /* Frameworks */,
				4E3B40DD24A5491200BAE06C /* Resources */,
			);
			buildRules = (
			);
			dependencies = (
				4E3B40E124A5491200BAE06C /* PBXTargetDependency */,
			);
			name = OnlineShopTests;
			productName = OnlineShopTests;
			productReference = 4E3B40DF24A5491200BAE06C /* OnlineShopTests.xctest */;
			productType = "com.apple.product-type.bundle.unit-test";
		};
/* End PBXNativeTarget section */

/* Begin PBXProject section */
		4E3B40C124A5490E00BAE06C /* Project object */ = {
			isa = PBXProject;
			attributes = {
				LastSwiftUpdateCheck = 1150;
				LastUpgradeCheck = 1150;
				ORGANIZATIONNAME = "Karthik Ravikumar";
				TargetAttributes = {
					4E3B40C824A5490E00BAE06C = {
						CreatedOnToolsVersion = 11.5;
					};
					4E3B40DE24A5491200BAE06C = {
						CreatedOnToolsVersion = 11.5;
						TestTargetID = 4E3B40C824A5490E00BAE06C;
					};
				};
			};
			buildConfigurationList = 4E3B40C424A5490E00BAE06C /* Build configuration list for PBXProject "OnlineShop" */;
			compatibilityVersion = "Xcode 9.3";
			developmentRegion = en;
			hasScannedForEncodings = 0;
			knownRegions = (
				en,
				Base,
			);
			mainGroup = 4E3B40C024A5490E00BAE06C;
			productRefGroup = 4E3B40CA24A5490E00BAE06C /* Products */;
			projectDirPath = "";
			projectRoot = "";
			targets = (
				4E3B40C824A5490E00BAE06C /* OnlineShop */,
				4E3B40DE24A5491200BAE06C /* OnlineShopTests */,
			);
		};
/* End PBXProject section */

/* Begin PBXResourcesBuildPhase section */
		4E3B40C724A5490E00BAE06C /* Resources */ = {
			isa = PBXResourcesBuildPhase;
			buildActionMask = 2147483647;
			files = (
				4E3B40D924A5491200BAE06C /* LaunchScreen.storyboard in Resources */,
				4E3B40D624A5491200BAE06C /* Assets.xcassets in Resources */,
				4E3B40D424A5490E00BAE06C /* Main.storyboard in Resources */,
			);
			runOnlyForDeploymentPostprocessing = 0;
		};
		4E3B40DD24A5491200BAE06C /* Resources */ = {
			isa = PBXResourcesBuildPhase;
			buildActionMask = 2147483647;
			files = (
			);
			runOnlyForDeploymentPostprocessing = 0;
		};
/* End PBXResourcesBuildPhase section */

/* Begin PBXSourcesBuildPhase section */
		4E3B40C524A5490E00BAE06C /* Sources */ = {
			isa = PBXSourcesBuildPhase;
			buildActionMask = 2147483647;
			files = (
				4E3B40D124A5490E00BAE06C /* ProductViewController.swift in Sources */,
				4E3B411F24A56A8800BAE06C /* Product.swift in Sources */,
				4E742B4C24A899E600E8210B /* Tax.swift in Sources */,
				4E742B5724A8D2CB00E8210B /* Price.swift in Sources */,
				4E742B5D24A8FEC600E8210B /* UIViewController-Alert.swift in Sources */,
				4E3B40CD24A5490E00BAE06C /* AppDelegate.swift in Sources */,
				4E742B4024A78A4200E8210B /* Protocols.swift in Sources */,
				4E742B5224A8C27100E8210B /* CartPresenter.swift in Sources */,
				4E742B4824A88A4D00E8210B /* Discount.swift in Sources */,
				4E3B40CF24A5490E00BAE06C /* SceneDelegate.swift in Sources */,
				4E742B4E24A8B73800E8210B /* State.swift in Sources */,
			);
			runOnlyForDeploymentPostprocessing = 0;
		};
		4E3B40DB24A5491200BAE06C /* Sources */ = {
			isa = PBXSourcesBuildPhase;
			buildActionMask = 2147483647;
			files = (
				4E742B5024A8B75D00E8210B /* StateTests.swift in Sources */,
				4E742B5B24A8F5A700E8210B /* CartViewMock.swift in Sources */,
				4E742B4A24A898CE00E8210B /* TaxTests.swift in Sources */,
				4E742B4624A8892A00E8210B /* DiscountTests.swift in Sources */,
				4E742B5524A8C58300E8210B /* PriceTests.swift in Sources */,
				4E742B5924A8EEFB00E8210B /* CartPresenterTests.swift in Sources */,
				4E3B40E424A5491200BAE06C /* ProductTests.swift in Sources */,
			);
			runOnlyForDeploymentPostprocessing = 0;
		};
/* End PBXSourcesBuildPhase section */

/* Begin PBXTargetDependency section */
		4E3B40E124A5491200BAE06C /* PBXTargetDependency */ = {
			isa = PBXTargetDependency;
			target = 4E3B40C824A5490E00BAE06C /* OnlineShop */;
			targetProxy = 4E3B40E024A5491200BAE06C /* PBXContainerItemProxy */;
		};
/* End PBXTargetDependency section */

/* Begin PBXVariantGroup section */
		4E3B40D224A5490E00BAE06C /* Main.storyboard */ = {
			isa = PBXVariantGroup;
			children = (
				4E3B40D324A5490E00BAE06C /* Base */,
			);
			name = Main.storyboard;
			sourceTree = "<group>";
		};
		4E3B40D724A5491200BAE06C /* LaunchScreen.storyboard */ = {
			isa = PBXVariantGroup;
			children = (
				4E3B40D824A5491200BAE06C /* Base */,
			);
			name = LaunchScreen.storyboard;
			sourceTree = "<group>";
		};
/* End PBXVariantGroup section */

/* Begin XCBuildConfiguration section */
		4E3B40E624A5491200BAE06C /* Debug */ = {
			isa = XCBuildConfiguration;
			buildSettings = {
				ALWAYS_SEARCH_USER_PATHS = NO;
				CLANG_ANALYZER_NONNULL = YES;
				CLANG_ANALYZER_NUMBER_OBJECT_CONVERSION = YES_AGGRESSIVE;
				CLANG_CXX_LANGUAGE_STANDARD = "gnu++14";
				CLANG_CXX_LIBRARY = "libc++";
				CLANG_ENABLE_MODULES = YES;
				CLANG_ENABLE_OBJC_ARC = YES;
				CLANG_ENABLE_OBJC_WEAK = YES;
				CLANG_WARN_BLOCK_CAPTURE_AUTORELEASING = YES;
				CLANG_WARN_BOOL_CONVERSION = YES;
				CLANG_WARN_COMMA = YES;
				CLANG_WARN_CONSTANT_CONVERSION = YES;
				CLANG_WARN_DEPRECATED_OBJC_IMPLEMENTATIONS = YES;
				CLANG_WARN_DIRECT_OBJC_ISA_USAGE = YES_ERROR;
				CLANG_WARN_DOCUMENTATION_COMMENTS = YES;
				CLANG_WARN_EMPTY_BODY = YES;
				CLANG_WARN_ENUM_CONVERSION = YES;
				CLANG_WARN_INFINITE_RECURSION = YES;
				CLANG_WARN_INT_CONVERSION = YES;
				CLANG_WARN_NON_LITERAL_NULL_CONVERSION = YES;
				CLANG_WARN_OBJC_IMPLICIT_RETAIN_SELF = YES;
				CLANG_WARN_OBJC_LITERAL_CONVERSION = YES;
				CLANG_WARN_OBJC_ROOT_CLASS = YES_ERROR;
				CLANG_WARN_RANGE_LOOP_ANALYSIS = YES;
				CLANG_WARN_STRICT_PROTOTYPES = YES;
				CLANG_WARN_SUSPICIOUS_MOVE = YES;
				CLANG_WARN_UNGUARDED_AVAILABILITY = YES_AGGRESSIVE;
				CLANG_WARN_UNREACHABLE_CODE = YES;
				CLANG_WARN__DUPLICATE_METHOD_MATCH = YES;
				COPY_PHASE_STRIP = NO;
				DEBUG_INFORMATION_FORMAT = dwarf;
				ENABLE_STRICT_OBJC_MSGSEND = YES;
				ENABLE_TESTABILITY = YES;
				GCC_C_LANGUAGE_STANDARD = gnu11;
				GCC_DYNAMIC_NO_PIC = NO;
				GCC_NO_COMMON_BLOCKS = YES;
				GCC_OPTIMIZATION_LEVEL = 0;
				GCC_PREPROCESSOR_DEFINITIONS = (
					"DEBUG=1",
					"$(inherited)",
				);
				GCC_WARN_64_TO_32_BIT_CONVERSION = YES;
				GCC_WARN_ABOUT_RETURN_TYPE = YES_ERROR;
				GCC_WARN_UNDECLARED_SELECTOR = YES;
				GCC_WARN_UNINITIALIZED_AUTOS = YES_AGGRESSIVE;
				GCC_WARN_UNUSED_FUNCTION = YES;
				GCC_WARN_UNUSED_VARIABLE = YES;
				IPHONEOS_DEPLOYMENT_TARGET = 13.5;
				MTL_ENABLE_DEBUG_INFO = INCLUDE_SOURCE;
				MTL_FAST_MATH = YES;
				ONLY_ACTIVE_ARCH = YES;
				SDKROOT = iphoneos;
				SWIFT_ACTIVE_COMPILATION_CONDITIONS = DEBUG;
				SWIFT_OPTIMIZATION_LEVEL = "-Onone";
			};
			name = Debug;
		};
		4E3B40E724A5491200BAE06C /* Release */ = {
			isa = XCBuildConfiguration;
			buildSettings = {
				ALWAYS_SEARCH_USER_PATHS = NO;
				CLANG_ANALYZER_NONNULL = YES;
				CLANG_ANALYZER_NUMBER_OBJECT_CONVERSION = YES_AGGRESSIVE;
				CLANG_CXX_LANGUAGE_STANDARD = "gnu++14";
				CLANG_CXX_LIBRARY = "libc++";
				CLANG_ENABLE_MODULES = YES;
				CLANG_ENABLE_OBJC_ARC = YES;
				CLANG_ENABLE_OBJC_WEAK = YES;
				CLANG_WARN_BLOCK_CAPTURE_AUTORELEASING = YES;
				CLANG_WARN_BOOL_CONVERSION = YES;
				CLANG_WARN_COMMA = YES;
				CLANG_WARN_CONSTANT_CONVERSION = YES;
				CLANG_WARN_DEPRECATED_OBJC_IMPLEMENTATIONS = YES;
				CLANG_WARN_DIRECT_OBJC_ISA_USAGE = YES_ERROR;
				CLANG_WARN_DOCUMENTATION_COMMENTS = YES;
				CLANG_WARN_EMPTY_BODY = YES;
				CLANG_WARN_ENUM_CONVERSION = YES;
				CLANG_WARN_INFINITE_RECURSION = YES;
				CLANG_WARN_INT_CONVERSION = YES;
				CLANG_WARN_NON_LITERAL_NULL_CONVERSION = YES;
				CLANG_WARN_OBJC_IMPLICIT_RETAIN_SELF = YES;
				CLANG_WARN_OBJC_LITERAL_CONVERSION = YES;
				CLANG_WARN_OBJC_ROOT_CLASS = YES_ERROR;
				CLANG_WARN_RANGE_LOOP_ANALYSIS = YES;
				CLANG_WARN_STRICT_PROTOTYPES = YES;
				CLANG_WARN_SUSPICIOUS_MOVE = YES;
				CLANG_WARN_UNGUARDED_AVAILABILITY = YES_AGGRESSIVE;
				CLANG_WARN_UNREACHABLE_CODE = YES;
				CLANG_WARN__DUPLICATE_METHOD_MATCH = YES;
				COPY_PHASE_STRIP = NO;
				DEBUG_INFORMATION_FORMAT = "dwarf-with-dsym";
				ENABLE_NS_ASSERTIONS = NO;
				ENABLE_STRICT_OBJC_MSGSEND = YES;
				GCC_C_LANGUAGE_STANDARD = gnu11;
				GCC_NO_COMMON_BLOCKS = YES;
				GCC_WARN_64_TO_32_BIT_CONVERSION = YES;
				GCC_WARN_ABOUT_RETURN_TYPE = YES_ERROR;
				GCC_WARN_UNDECLARED_SELECTOR = YES;
				GCC_WARN_UNINITIALIZED_AUTOS = YES_AGGRESSIVE;
				GCC_WARN_UNUSED_FUNCTION = YES;
				GCC_WARN_UNUSED_VARIABLE = YES;
				IPHONEOS_DEPLOYMENT_TARGET = 13.5;
				MTL_ENABLE_DEBUG_INFO = NO;
				MTL_FAST_MATH = YES;
				SDKROOT = iphoneos;
				SWIFT_COMPILATION_MODE = wholemodule;
				SWIFT_OPTIMIZATION_LEVEL = "-O";
				VALIDATE_PRODUCT = YES;
			};
			name = Release;
		};
		4E3B40E924A5491200BAE06C /* Debug */ = {
			isa = XCBuildConfiguration;
			buildSettings = {
				ASSETCATALOG_COMPILER_APPICON_NAME = AppIcon;
				CODE_SIGN_STYLE = Automatic;
				INFOPLIST_FILE = OnlineShop/Info.plist;
				LD_RUNPATH_SEARCH_PATHS = (
					"$(inherited)",
					"@executable_path/Frameworks",
				);
				PRODUCT_BUNDLE_IDENTIFIER = com.karthik.OnlineShop;
				PRODUCT_NAME = "$(TARGET_NAME)";
				SWIFT_VERSION = 5.0;
				TARGETED_DEVICE_FAMILY = "1,2";
			};
			name = Debug;
		};
		4E3B40EA24A5491200BAE06C /* Release */ = {
			isa = XCBuildConfiguration;
			buildSettings = {
				ASSETCATALOG_COMPILER_APPICON_NAME = AppIcon;
				CODE_SIGN_STYLE = Automatic;
				INFOPLIST_FILE = OnlineShop/Info.plist;
				LD_RUNPATH_SEARCH_PATHS = (
					"$(inherited)",
					"@executable_path/Frameworks",
				);
				PRODUCT_BUNDLE_IDENTIFIER = com.karthik.OnlineShop;
				PRODUCT_NAME = "$(TARGET_NAME)";
				SWIFT_VERSION = 5.0;
				TARGETED_DEVICE_FAMILY = "1,2";
			};
			name = Release;
		};
		4E3B40EC24A5491200BAE06C /* Debug */ = {
			isa = XCBuildConfiguration;
			buildSettings = {
				ALWAYS_EMBED_SWIFT_STANDARD_LIBRARIES = YES;
				BUNDLE_LOADER = "$(TEST_HOST)";
				CODE_SIGN_STYLE = Automatic;
				INFOPLIST_FILE = OnlineShopTests/Info.plist;
				IPHONEOS_DEPLOYMENT_TARGET = 13.5;
				LD_RUNPATH_SEARCH_PATHS = (
					"$(inherited)",
					"@executable_path/Frameworks",
					"@loader_path/Frameworks",
				);
				PRODUCT_BUNDLE_IDENTIFIER = com.karthik.OnlineShopTests;
				PRODUCT_NAME = "$(TARGET_NAME)";
				SWIFT_VERSION = 5.0;
				TARGETED_DEVICE_FAMILY = "1,2";
				TEST_HOST = "$(BUILT_PRODUCTS_DIR)/OnlineShop.app/OnlineShop";
			};
			name = Debug;
		};
		4E3B40ED24A5491200BAE06C /* Release */ = {
			isa = XCBuildConfiguration;
			buildSettings = {
				ALWAYS_EMBED_SWIFT_STANDARD_LIBRARIES = YES;
				BUNDLE_LOADER = "$(TEST_HOST)";
				CODE_SIGN_STYLE = Automatic;
				INFOPLIST_FILE = OnlineShopTests/Info.plist;
				IPHONEOS_DEPLOYMENT_TARGET = 13.5;
				LD_RUNPATH_SEARCH_PATHS = (
					"$(inherited)",
					"@executable_path/Frameworks",
					"@loader_path/Frameworks",
				);
				PRODUCT_BUNDLE_IDENTIFIER = com.karthik.OnlineShopTests;
				PRODUCT_NAME = "$(TARGET_NAME)";
				SWIFT_VERSION = 5.0;
				TARGETED_DEVICE_FAMILY = "1,2";
				TEST_HOST = "$(BUILT_PRODUCTS_DIR)/OnlineShop.app/OnlineShop";
			};
			name = Release;
		};
/* End XCBuildConfiguration section */

/* Begin XCConfigurationList section */
		4E3B40C424A5490E00BAE06C /* Build configuration list for PBXProject "OnlineShop" */ = {
			isa = XCConfigurationList;
			buildConfigurations = (
				4E3B40E624A5491200BAE06C /* Debug */,
				4E3B40E724A5491200BAE06C /* Release */,
			);
			defaultConfigurationIsVisible = 0;
			defaultConfigurationName = Release;
		};
		4E3B40E824A5491200BAE06C /* Build configuration list for PBXNativeTarget "OnlineShop" */ = {
			isa = XCConfigurationList;
			buildConfigurations = (
				4E3B40E924A5491200BAE06C /* Debug */,
				4E3B40EA24A5491200BAE06C /* Release */,
			);
			defaultConfigurationIsVisible = 0;
			defaultConfigurationName = Release;
		};
		4E3B40EB24A5491200BAE06C /* Build configuration list for PBXNativeTarget "OnlineShopTests" */ = {
			isa = XCConfigurationList;
			buildConfigurations = (
				4E3B40EC24A5491200BAE06C /* Debug */,
				4E3B40ED24A5491200BAE06C /* Release */,
			);
			defaultConfigurationIsVisible = 0;
			defaultConfigurationName = Release;
		};
/* End XCConfigurationList section */
	};
	rootObject = 4E3B40C124A5490E00BAE06C /* Project object */;
}
